// !$*UTF8*$!
{
	archiveVersion = 1;
	classes = {
	};
	objectVersion = 55;
	objects = {

/* Begin PBXBuildFile section */
		477A203B28B6673500A2C183 /* AppDelegate.swift in Sources */ = {isa = PBXBuildFile; fileRef = 477A203A28B6673500A2C183 /* AppDelegate.swift */; };
		477A203D28B6673500A2C183 /* SceneDelegate.swift in Sources */ = {isa = PBXBuildFile; fileRef = 477A203C28B6673500A2C183 /* SceneDelegate.swift */; };
		477A203F28B6673500A2C183 /* ViewController.swift in Sources */ = {isa = PBXBuildFile; fileRef = 477A203E28B6673500A2C183 /* ViewController.swift */; };
		477A204228B6673500A2C183 /* Main.storyboard in Resources */ = {isa = PBXBuildFile; fileRef = 477A204028B6673500A2C183 /* Main.storyboard */; };
		477A204528B6673500A2C183 /* eca.xcdatamodeld in Sources */ = {isa = PBXBuildFile; fileRef = 477A204328B6673500A2C183 /* eca.xcdatamodeld */; };
		477A204728B6673700A2C183 /* Assets.xcassets in Resources */ = {isa = PBXBuildFile; fileRef = 477A204628B6673700A2C183 /* Assets.xcassets */; };
		477A204A28B6673700A2C183 /* LaunchScreen.storyboard in Resources */ = {isa = PBXBuildFile; fileRef = 477A204828B6673700A2C183 /* LaunchScreen.storyboard */; };
		47BF4A0328B729BA006126AC /* CourseVC.swift in Sources */ = {isa = PBXBuildFile; fileRef = 47BF4A0228B729BA006126AC /* CourseVC.swift */; };
		47BF4A0728B734B0006126AC /* IndividualCourseVC.swift in Sources */ = {isa = PBXBuildFile; fileRef = 47BF4A0628B734B0006126AC /* IndividualCourseVC.swift */; };
		47BF4A0B28B779A4006126AC /* ReviewVC.swift in Sources */ = {isa = PBXBuildFile; fileRef = 47BF4A0A28B779A4006126AC /* ReviewVC.swift */; };
		47E2C42028BA3D97001FA583 /* IndividualReviewVC.swift in Sources */ = {isa = PBXBuildFile; fileRef = 47E2C41F28BA3D97001FA583 /* IndividualReviewVC.swift */; };
/* End PBXBuildFile section */

/* Begin PBXFileReference section */
		477A203728B6673500A2C183 /* eca.app */ = {isa = PBXFileReference; explicitFileType = wrapper.application; includeInIndex = 0; path = eca.app; sourceTree = BUILT_PRODUCTS_DIR; };
		477A203A28B6673500A2C183 /* AppDelegate.swift */ = {isa = PBXFileReference; lastKnownFileType = sourcecode.swift; path = AppDelegate.swift; sourceTree = "<group>"; };
		477A203C28B6673500A2C183 /* SceneDelegate.swift */ = {isa = PBXFileReference; lastKnownFileType = sourcecode.swift; path = SceneDelegate.swift; sourceTree = "<group>"; };
		477A203E28B6673500A2C183 /* ViewController.swift */ = {isa = PBXFileReference; lastKnownFileType = sourcecode.swift; path = ViewController.swift; sourceTree = "<group>"; };
		477A204128B6673500A2C183 /* Base */ = {isa = PBXFileReference; lastKnownFileType = file.storyboard; name = Base; path = Base.lproj/Main.storyboard; sourceTree = "<group>"; };
		477A204428B6673500A2C183 /* eca.xcdatamodel */ = {isa = PBXFileReference; lastKnownFileType = wrapper.xcdatamodel; path = eca.xcdatamodel; sourceTree = "<group>"; };
		477A204628B6673700A2C183 /* Assets.xcassets */ = {isa = PBXFileReference; lastKnownFileType = folder.assetcatalog; path = Assets.xcassets; sourceTree = "<group>"; };
		477A204928B6673700A2C183 /* Base */ = {isa = PBXFileReference; lastKnownFileType = file.storyboard; name = Base; path = Base.lproj/LaunchScreen.storyboard; sourceTree = "<group>"; };
		477A204B28B6673700A2C183 /* Info.plist */ = {isa = PBXFileReference; lastKnownFileType = text.plist.xml; path = Info.plist; sourceTree = "<group>"; };
		47BF4A0228B729BA006126AC /* CourseVC.swift */ = {isa = PBXFileReference; lastKnownFileType = sourcecode.swift; path = CourseVC.swift; sourceTree = "<group>"; };
		47BF4A0628B734B0006126AC /* IndividualCourseVC.swift */ = {isa = PBXFileReference; lastKnownFileType = sourcecode.swift; path = IndividualCourseVC.swift; sourceTree = "<group>"; };
		47BF4A0A28B779A4006126AC /* ReviewVC.swift */ = {isa = PBXFileReference; lastKnownFileType = sourcecode.swift; path = ReviewVC.swift; sourceTree = "<group>"; };
		47E2C41F28BA3D97001FA583 /* IndividualReviewVC.swift */ = {isa = PBXFileReference; lastKnownFileType = sourcecode.swift; path = IndividualReviewVC.swift; sourceTree = "<group>"; };
/* End PBXFileReference section */

/* Begin PBXFrameworksBuildPhase section */
		477A203428B6673500A2C183 /* Frameworks */ = {
			isa = PBXFrameworksBuildPhase;
			buildActionMask = 2147483647;
			files = (
			);
			runOnlyForDeploymentPostprocessing = 0;
		};
/* End PBXFrameworksBuildPhase section */

/* Begin PBXGroup section */
		477A202E28B6673500A2C183 = {
			isa = PBXGroup;
			children = (
				477A203928B6673500A2C183 /* eca */,
				477A203828B6673500A2C183 /* Products */,
			);
			sourceTree = "<group>";
		};
		477A203828B6673500A2C183 /* Products */ = {
			isa = PBXGroup;
			children = (
				477A203728B6673500A2C183 /* eca.app */,
			);
			name = Products;
			sourceTree = "<group>";
		};
		477A203928B6673500A2C183 /* eca */ = {
			isa = PBXGroup;
			children = (
				47E2C42128BA9D49001FA583 /* Assets */,
				477A203A28B6673500A2C183 /* AppDelegate.swift */,
				477A203C28B6673500A2C183 /* SceneDelegate.swift */,
				477A203E28B6673500A2C183 /* ViewController.swift */,
				47BF4A0628B734B0006126AC /* IndividualCourseVC.swift */,
				47BF4A0228B729BA006126AC /* CourseVC.swift */,
				47BF4A0A28B779A4006126AC /* ReviewVC.swift */,
				47E2C41F28BA3D97001FA583 /* IndividualReviewVC.swift */,
				477A204028B6673500A2C183 /* Main.storyboard */,
				477A204828B6673700A2C183 /* LaunchScreen.storyboard */,
				477A204B28B6673700A2C183 /* Info.plist */,
				477A204328B6673500A2C183 /* eca.xcdatamodeld */,
			);
			path = eca;
			sourceTree = "<group>";
		};
		47E2C42128BA9D49001FA583 /* Assets */ = {
			isa = PBXGroup;
			children = (
				477A204628B6673700A2C183 /* Assets.xcassets */,
			);
			path = Assets;
			sourceTree = "<group>";
		};
/* End PBXGroup section */

/* Begin PBXNativeTarget section */
		477A203628B6673500A2C183 /* eca */ = {
			isa = PBXNativeTarget;
			buildConfigurationList = 477A204E28B6673700A2C183 /* Build configuration list for PBXNativeTarget "eca" */;
			buildPhases = (
				477A203328B6673500A2C183 /* Sources */,
				477A203428B6673500A2C183 /* Frameworks */,
				477A203528B6673500A2C183 /* Resources */,
			);
			buildRules = (
			);
			dependencies = (
			);
			name = eca;
			productName = eca;
			productReference = 477A203728B6673500A2C183 /* eca.app */;
			productType = "com.apple.product-type.application";
		};
/* End PBXNativeTarget section */

/* Begin PBXProject section */
		477A202F28B6673500A2C183 /* Project object */ = {
			isa = PBXProject;
			attributes = {
				BuildIndependentTargetsInParallel = 1;
				LastSwiftUpdateCheck = 1340;
				LastUpgradeCheck = 1340;
				TargetAttributes = {
					477A203628B6673500A2C183 = {
						CreatedOnToolsVersion = 13.4.1;
					};
				};
			};
			buildConfigurationList = 477A203228B6673500A2C183 /* Build configuration list for PBXProject "eca" */;
			compatibilityVersion = "Xcode 13.0";
			developmentRegion = en;
			hasScannedForEncodings = 0;
			knownRegions = (
				en,
				Base,
			);
			mainGroup = 477A202E28B6673500A2C183;
			productRefGroup = 477A203828B6673500A2C183 /* Products */;
			projectDirPath = "";
			projectRoot = "";
			targets = (
				477A203628B6673500A2C183 /* eca */,
			);
		};
/* End PBXProject section */

/* Begin PBXResourcesBuildPhase section */
		477A203528B6673500A2C183 /* Resources */ = {
			isa = PBXResourcesBuildPhase;
			buildActionMask = 2147483647;
			files = (
				477A204A28B6673700A2C183 /* LaunchScreen.storyboard in Resources */,
				477A204728B6673700A2C183 /* Assets.xcassets in Resources */,
				477A204228B6673500A2C183 /* Main.storyboard in Resources */,
			);
			runOnlyForDeploymentPostprocessing = 0;
		};
/* End PBXResourcesBuildPhase section */

/* Begin PBXSourcesBuildPhase section */
		477A203328B6673500A2C183 /* Sources */ = {
			isa = PBXSourcesBuildPhase;
			buildActionMask = 2147483647;
			files = (
				477A203F28B6673500A2C183 /* ViewController.swift in Sources */,
				477A204528B6673500A2C183 /* eca.xcdatamodeld in Sources */,
				47BF4A0B28B779A4006126AC /* ReviewVC.swift in Sources */,
				477A203B28B6673500A2C183 /* AppDelegate.swift in Sources */,
				47BF4A0328B729BA006126AC /* CourseVC.swift in Sources */,
				47BF4A0728B734B0006126AC /* IndividualCourseVC.swift in Sources */,
				477A203D28B6673500A2C183 /* SceneDelegate.swift in Sources */,
				47E2C42028BA3D97001FA583 /* IndividualReviewVC.swift in Sources */,
			);
			runOnlyForDeploymentPostprocessing = 0;
		};
/* End PBXSourcesBuildPhase section */

/* Begin PBXVariantGroup section */
		477A204028B6673500A2C183 /* Main.storyboard */ = {
			isa = PBXVariantGroup;
			children = (
				477A204128B6673500A2C183 /* Base */,
			);
			name = Main.storyboard;
			sourceTree = "<group>";
		};
		477A204828B6673700A2C183 /* LaunchScreen.storyboard */ = {
			isa = PBXVariantGroup;
			children = (
				477A204928B6673700A2C183 /* Base */,
			);
			name = LaunchScreen.storyboard;
			sourceTree = "<group>";
		};
/* End PBXVariantGroup section */

/* Begin XCBuildConfiguration section */
		477A204C28B6673700A2C183 /* Debug */ = {
			isa = XCBuildConfiguration;
			buildSettings = {
				ALWAYS_SEARCH_USER_PATHS = NO;
				CLANG_ANALYZER_NONNULL = YES;
				CLANG_ANALYZER_NUMBER_OBJECT_CONVERSION = YES_AGGRESSIVE;
				CLANG_CXX_LANGUAGE_STANDARD = "gnu++17";
				CLANG_ENABLE_MODULES = YES;
				CLANG_ENABLE_OBJC_ARC = YES;
				CLANG_ENABLE_OBJC_WEAK = YES;
				CLANG_WARN_BLOCK_CAPTURE_AUTORELEASING = YES;
				CLANG_WARN_BOOL_CONVERSION = YES;
				CLANG_WARN_COMMA = YES;
				CLANG_WARN_CONSTANT_CONVERSION = YES;
				CLANG_WARN_DEPRECATED_OBJC_IMPLEMENTATIONS = YES;
				CLANG_WARN_DIRECT_OBJC_ISA_USAGE = YES_ERROR;
				CLANG_WARN_DOCUMENTATION_COMMENTS = YES;
				CLANG_WARN_EMPTY_BODY = YES;
				CLANG_WARN_ENUM_CONVERSION = YES;
				CLANG_WARN_INFINITE_RECURSION = YES;
				CLANG_WARN_INT_CONVERSION = YES;
				CLANG_WARN_NON_LITERAL_NULL_CONVERSION = YES;
				CLANG_WARN_OBJC_IMPLICIT_RETAIN_SELF = YES;
				CLANG_WARN_OBJC_LITERAL_CONVERSION = YES;
				CLANG_WARN_OBJC_ROOT_CLASS = YES_ERROR;
				CLANG_WARN_QUOTED_INCLUDE_IN_FRAMEWORK_HEADER = YES;
				CLANG_WARN_RANGE_LOOP_ANALYSIS = YES;
				CLANG_WARN_STRICT_PROTOTYPES = YES;
				CLANG_WARN_SUSPICIOUS_MOVE = YES;
				CLANG_WARN_UNGUARDED_AVAILABILITY = YES_AGGRESSIVE;
				CLANG_WARN_UNREACHABLE_CODE = YES;
				CLANG_WARN__DUPLICATE_METHOD_MATCH = YES;
				COPY_PHASE_STRIP = NO;
				DEBUG_INFORMATION_FORMAT = dwarf;
				ENABLE_STRICT_OBJC_MSGSEND = YES;
				ENABLE_TESTABILITY = YES;
				GCC_C_LANGUAGE_STANDARD = gnu11;
				GCC_DYNAMIC_NO_PIC = NO;
				GCC_NO_COMMON_BLOCKS = YES;
				GCC_OPTIMIZATION_LEVEL = 0;
				GCC_PREPROCESSOR_DEFINITIONS = (
					"DEBUG=1",
					"$(inherited)",
				);
				GCC_WARN_64_TO_32_BIT_CONVERSION = YES;
				GCC_WARN_ABOUT_RETURN_TYPE = YES_ERROR;
				GCC_WARN_UNDECLARED_SELECTOR = YES;
				GCC_WARN_UNINITIALIZED_AUTOS = YES_AGGRESSIVE;
				GCC_WARN_UNUSED_FUNCTION = YES;
				GCC_WARN_UNUSED_VARIABLE = YES;
				IPHONEOS_DEPLOYMENT_TARGET = 15.5;
				MTL_ENABLE_DEBUG_INFO = INCLUDE_SOURCE;
				MTL_FAST_MATH = YES;
				ONLY_ACTIVE_ARCH = YES;
				SDKROOT = iphoneos;
				SWIFT_ACTIVE_COMPILATION_CONDITIONS = DEBUG;
				SWIFT_OPTIMIZATION_LEVEL = "-Onone";
			};
			name = Debug;
		};
		477A204D28B6673700A2C183 /* Release */ = {
			isa = XCBuildConfiguration;
			buildSettings = {
				ALWAYS_SEARCH_USER_PATHS = NO;
				CLANG_ANALYZER_NONNULL = YES;
				CLANG_ANALYZER_NUMBER_OBJECT_CONVERSION = YES_AGGRESSIVE;
				CLANG_CXX_LANGUAGE_STANDARD = "gnu++17";
				CLANG_ENABLE_MODULES = YES;
				CLANG_ENABLE_OBJC_ARC = YES;
				CLANG_ENABLE_OBJC_WEAK = YES;
				CLANG_WARN_BLOCK_CAPTURE_AUTORELEASING = YES;
				CLANG_WARN_BOOL_CONVERSION = YES;
				CLANG_WARN_COMMA = YES;
				CLANG_WARN_CONSTANT_CONVERSION = YES;
				CLANG_WARN_DEPRECATED_OBJC_IMPLEMENTATIONS = YES;
				CLANG_WARN_DIRECT_OBJC_ISA_USAGE = YES_ERROR;
				CLANG_WARN_DOCUMENTATION_COMMENTS = YES;
				CLANG_WARN_EMPTY_BODY = YES;
				CLANG_WARN_ENUM_CONVERSION = YES;
				CLANG_WARN_INFINITE_RECURSION = YES;
				CLANG_WARN_INT_CONVERSION = YES;
				CLANG_WARN_NON_LITERAL_NULL_CONVERSION = YES;
				CLANG_WARN_OBJC_IMPLICIT_RETAIN_SELF = YES;
				CLANG_WARN_OBJC_LITERAL_CONVERSION = YES;
				CLANG_WARN_OBJC_ROOT_CLASS = YES_ERROR;
				CLANG_WARN_QUOTED_INCLUDE_IN_FRAMEWORK_HEADER = YES;
				CLANG_WARN_RANGE_LOOP_ANALYSIS = YES;
				CLANG_WARN_STRICT_PROTOTYPES = YES;
				CLANG_WARN_SUSPICIOUS_MOVE = YES;
				CLANG_WARN_UNGUARDED_AVAILABILITY = YES_AGGRESSIVE;
				CLANG_WARN_UNREACHABLE_CODE = YES;
				CLANG_WARN__DUPLICATE_METHOD_MATCH = YES;
				COPY_PHASE_STRIP = NO;
				DEBUG_INFORMATION_FORMAT = "dwarf-with-dsym";
				ENABLE_NS_ASSERTIONS = NO;
				ENABLE_STRICT_OBJC_MSGSEND = YES;
				GCC_C_LANGUAGE_STANDARD = gnu11;
				GCC_NO_COMMON_BLOCKS = YES;
				GCC_WARN_64_TO_32_BIT_CONVERSION = YES;
				GCC_WARN_ABOUT_RETURN_TYPE = YES_ERROR;
				GCC_WARN_UNDECLARED_SELECTOR = YES;
				GCC_WARN_UNINITIALIZED_AUTOS = YES_AGGRESSIVE;
				GCC_WARN_UNUSED_FUNCTION = YES;
				GCC_WARN_UNUSED_VARIABLE = YES;
				IPHONEOS_DEPLOYMENT_TARGET = 15.5;
				MTL_ENABLE_DEBUG_INFO = NO;
				MTL_FAST_MATH = YES;
				SDKROOT = iphoneos;
				SWIFT_COMPILATION_MODE = wholemodule;
				SWIFT_OPTIMIZATION_LEVEL = "-O";
				VALIDATE_PRODUCT = YES;
			};
			name = Release;
		};
		477A204F28B6673700A2C183 /* Debug */ = {
			isa = XCBuildConfiguration;
			buildSettings = {
				ASSETCATALOG_COMPILER_APPICON_NAME = AppIcon;
				ASSETCATALOG_COMPILER_GLOBAL_ACCENT_COLOR_NAME = AccentColor;
				CODE_SIGN_STYLE = Automatic;
				CURRENT_PROJECT_VERSION = 1;
				DEVELOPMENT_TEAM = 558DGVNKSJ;
				GENERATE_INFOPLIST_FILE = YES;
				INFOPLIST_FILE = eca/Info.plist;
				INFOPLIST_KEY_UIApplicationSupportsIndirectInputEvents = YES;
				INFOPLIST_KEY_UILaunchStoryboardName = LaunchScreen;
				INFOPLIST_KEY_UIMainStoryboardFile = Main;
				INFOPLIST_KEY_UISupportedInterfaceOrientations_iPad = "UIInterfaceOrientationPortrait UIInterfaceOrientationPortraitUpsideDown UIInterfaceOrientationLandscapeLeft UIInterfaceOrientationLandscapeRight";
				INFOPLIST_KEY_UISupportedInterfaceOrientations_iPhone = "UIInterfaceOrientationPortrait UIInterfaceOrientationLandscapeLeft UIInterfaceOrientationLandscapeRight";
				LD_RUNPATH_SEARCH_PATHS = (
					"$(inherited)",
					"@executable_path/Frameworks",
				);
				MARKETING_VERSION = 1.0;
				PRODUCT_BUNDLE_IDENTIFIER = "com.swift-intro.eca";
				PRODUCT_NAME = "$(TARGET_NAME)";
				SWIFT_EMIT_LOC_STRINGS = YES;
				SWIFT_VERSION = 5.0;
				TARGETED_DEVICE_FAMILY = "1,2";
			};
			name = Debug;
		};
		477A205028B6673700A2C183 /* Release */ = {
			isa = XCBuildConfiguration;
			buildSettings = {
				ASSETCATALOG_COMPILER_APPICON_NAME = AppIcon;
				ASSETCATALOG_COMPILER_GLOBAL_ACCENT_COLOR_NAME = AccentColor;
				CODE_SIGN_STYLE = Automatic;
				CURRENT_PROJECT_VERSION = 1;
				DEVELOPMENT_TEAM = 558DGVNKSJ;
				GENERATE_INFOPLIST_FILE = YES;
				INFOPLIST_FILE = eca/Info.plist;
				INFOPLIST_KEY_UIApplicationSupportsIndirectInputEvents = YES;
				INFOPLIST_KEY_UILaunchStoryboardName = LaunchScreen;
				INFOPLIST_KEY_UIMainStoryboardFile = Main;
				INFOPLIST_KEY_UISupportedInterfaceOrientations_iPad = "UIInterfaceOrientationPortrait UIInterfaceOrientationPortraitUpsideDown UIInterfaceOrientationLandscapeLeft UIInterfaceOrientationLandscapeRight";
				INFOPLIST_KEY_UISupportedInterfaceOrientations_iPhone = "UIInterfaceOrientationPortrait UIInterfaceOrientationLandscapeLeft UIInterfaceOrientationLandscapeRight";
				LD_RUNPATH_SEARCH_PATHS = (
					"$(inherited)",
					"@executable_path/Frameworks",
				);
				MARKETING_VERSION = 1.0;
				PRODUCT_BUNDLE_IDENTIFIER = "com.swift-intro.eca";
				PRODUCT_NAME = "$(TARGET_NAME)";
				SWIFT_EMIT_LOC_STRINGS = YES;
				SWIFT_VERSION = 5.0;
				TARGETED_DEVICE_FAMILY = "1,2";
			};
			name = Release;
		};
/* End XCBuildConfiguration section */

/* Begin XCConfigurationList section */
		477A203228B6673500A2C183 /* Build configuration list for PBXProject "eca" */ = {
			isa = XCConfigurationList;
			buildConfigurations = (
				477A204C28B6673700A2C183 /* Debug */,
				477A204D28B6673700A2C183 /* Release */,
			);
			defaultConfigurationIsVisible = 0;
			defaultConfigurationName = Release;
		};
		477A204E28B6673700A2C183 /* Build configuration list for PBXNativeTarget "eca" */ = {
			isa = XCConfigurationList;
			buildConfigurations = (
				477A204F28B6673700A2C183 /* Debug */,
				477A205028B6673700A2C183 /* Release */,
			);
			defaultConfigurationIsVisible = 0;
			defaultConfigurationName = Release;
		};
/* End XCConfigurationList section */

/* Begin XCVersionGroup section */
		477A204328B6673500A2C183 /* eca.xcdatamodeld */ = {
			isa = XCVersionGroup;
			children = (
				477A204428B6673500A2C183 /* eca.xcdatamodel */,
			);
			currentVersion = 477A204428B6673500A2C183 /* eca.xcdatamodel */;
			path = eca.xcdatamodeld;
			sourceTree = "<group>";
			versionGroupType = wrapper.xcdatamodel;
		};
/* End XCVersionGroup section */
	};
	rootObject = 477A202F28B6673500A2C183 /* Project object */;
}
